
Microsoft Visual Studio Solution File, Format Version 12.00
# Visual Studio Version 17
VisualStudioVersion = 17.5.002.0
MinimumVisualStudioVersion = 10.0.40219.1
Project("{9A19103F-16F7-4668-BE54-9A1E7A4F7556}") = "QuestionDescription", "QuestionDescription.csproj", "{0008B919-A4C5-466D-8615-B351E69E29CB}"
EndProject
Global
	GlobalSection(SolutionConfigurationPlatforms) = preSolution
		Debug|Any CPU = Debug|Any CPU
		Release|Any CPU = Release|Any CPU
	EndGlobalSection
	GlobalSection(ProjectConfigurationPlatforms) = postSolution
		{0008B919-A4C5-466D-8615-B351E69E29CB}.Debug|Any CPU.ActiveCfg = Debug|Any CPU
		{0008B919-A4C5-466D-8615-B351E69E29CB}.Debug|Any CPU.Build.0 = Debug|Any CPU
		{0008B919-A4C5-466D-8615-B351E69E29CB}.Release|Any CPU.ActiveCfg = Release|Any CPU
		{0008B919-A4C5-466D-8615-B351E69E29CB}.Release|Any CPU.Build.0 = Release|Any CPU
	EndGlobalSection
	GlobalSection(SolutionProperties) = preSolution
		HideSolutionNode = FALSE
	EndGlobalSection
	GlobalSection(ExtensibilityGlobals) = postSolution
		SolutionGuid = {593B2472-DEC0-4568-9AAD-23E53BA64734}
	EndGlobalSection
EndGlobal
